
Microsoft Visual Studio Solution File, Format Version 12.00
# Visual Studio 2013
VisualStudioVersion = 12.0.40629.0
MinimumVisualStudioVersion = 10.0.40219.1
Project("{FAE04EC0-301F-11D3-BF4B-00C04F79EFBC}") = "Spotfire.AssetMarketPlace", "SpotfirePS.ConfiguredJSViz\Spotfire.AssetMarketPlace.csproj", "{1A3006C1-0F96-47C5-A0C3-914121C269E2}"
EndProject
Project("{FAE04EC0-301F-11D3-BF4B-00C04F79EFBC}") = "Spotfire.AssetMarketPlaceForms", "SpotfirePS.ConfiguredJSVizForms\Spotfire.AssetMarketPlaceForms.csproj", "{C3C41B8E-0E38-41C8-8586-373B56F9CE73}"
EndProject
Global
	GlobalSection(SolutionConfigurationPlatforms) = preSolution
		Debug|Any CPU = Debug|Any CPU
		Release|Any CPU = Release|Any CPU
	EndGlobalSection
	GlobalSection(ProjectConfigurationPlatforms) = postSolution
		{1A3006C1-0F96-47C5-A0C3-914121C269E2}.Debug|Any CPU.ActiveCfg = Debug|Any CPU
		{1A3006C1-0F96-47C5-A0C3-914121C269E2}.Debug|Any CPU.Build.0 = Debug|Any CPU
		{1A3006C1-0F96-47C5-A0C3-914121C269E2}.Release|Any CPU.ActiveCfg = Release|Any CPU
		{1A3006C1-0F96-47C5-A0C3-914121C269E2}.Release|Any CPU.Build.0 = Release|Any CPU
		{C3C41B8E-0E38-41C8-8586-373B56F9CE73}.Debug|Any CPU.ActiveCfg = Debug|Any CPU
		{C3C41B8E-0E38-41C8-8586-373B56F9CE73}.Debug|Any CPU.Build.0 = Debug|Any CPU
		{C3C41B8E-0E38-41C8-8586-373B56F9CE73}.Release|Any CPU.ActiveCfg = Release|Any CPU
		{C3C41B8E-0E38-41C8-8586-373B56F9CE73}.Release|Any CPU.Build.0 = Release|Any CPU
	EndGlobalSection
	GlobalSection(SolutionProperties) = preSolution
		HideSolutionNode = FALSE
	EndGlobalSection
EndGlobal
